
Microsoft Visual Studio Solution File, Format Version 12.00
# Visual Studio Express 2012 for Windows Desktop
Project("{FAE04EC0-301F-11D3-BF4B-00C04F79EFBC}") = "01. PrintNumbers", "SumOfNNumbers\01. PrintNumbers.csproj", "{83F8C081-D550-4A7C-8190-49F17D822331}"
EndProject
Project("{FAE04EC0-301F-11D3-BF4B-00C04F79EFBC}") = "02.NumbersNotDevidetBy3And7", "NumbersNotDevidetBy3And7\02.NumbersNotDevidetBy3And7.csproj", "{A90F2F20-7777-45F1-BC44-BEC4B6516189}"
EndProject
Project("{FAE04EC0-301F-11D3-BF4B-00C04F79EFBC}") = "03.MinMaxOfSequence", "MinMaxOfSequence\03.MinMaxOfSequence.csproj", "{47C387E4-7659-412C-9182-EF036BFBE225}"
EndProject
Project("{FAE04EC0-301F-11D3-BF4B-00C04F79EFBC}") = "04.CallculateFactoriel", "CallculateFactoriel\04.CallculateFactoriel.csproj", "{875E02C6-871C-40D2-8484-BE24F0F53A59}"
EndProject
Project("{FAE04EC0-301F-11D3-BF4B-00C04F79EFBC}") = "05.CallaculateFactorielExpression", "CallaculateFactorielExpression\05.CallaculateFactorielExpression.csproj", "{E9D568A9-EA8B-4C1E-8700-1C4F1774AEEA}"
EndProject
Project("{FAE04EC0-301F-11D3-BF4B-00C04F79EFBC}") = "06. CallculateSumExpression", "CallculateSumExpression\06. CallculateSumExpression.csproj", "{75D05D17-4715-41AE-8BE8-4ED87D2D0F86}"
EndProject
Project("{FAE04EC0-301F-11D3-BF4B-00C04F79EFBC}") = "07.SequenceOfFibonacci", "SequenceOfFibonacci\07.SequenceOfFibonacci.csproj", "{EC723A29-410E-41B4-A426-22AAED3EC758}"
EndProject
Project("{FAE04EC0-301F-11D3-BF4B-00C04F79EFBC}") = "08.EuclideanAlgorithm", "EuclideanAlgorithm\08.EuclideanAlgorithm.csproj", "{E7C29219-5CD1-4E92-83E1-1226D7EFBDCA}"
EndProject
Project("{FAE04EC0-301F-11D3-BF4B-00C04F79EFBC}") = "09-10.CatalanNumbers", "CtalanNumbers\09-10.CatalanNumbers.csproj", "{ED1E0073-D2D6-4848-B152-A49BA2ADFB69}"
EndProject
Global
	GlobalSection(SolutionConfigurationPlatforms) = preSolution
		Debug|Any CPU = Debug|Any CPU
		Release|Any CPU = Release|Any CPU
	EndGlobalSection
	GlobalSection(ProjectConfigurationPlatforms) = postSolution
		{83F8C081-D550-4A7C-8190-49F17D822331}.Debug|Any CPU.ActiveCfg = Debug|Any CPU
		{83F8C081-D550-4A7C-8190-49F17D822331}.Debug|Any CPU.Build.0 = Debug|Any CPU
		{83F8C081-D550-4A7C-8190-49F17D822331}.Release|Any CPU.ActiveCfg = Release|Any CPU
		{83F8C081-D550-4A7C-8190-49F17D822331}.Release|Any CPU.Build.0 = Release|Any CPU
		{A90F2F20-7777-45F1-BC44-BEC4B6516189}.Debug|Any CPU.ActiveCfg = Debug|Any CPU
		{A90F2F20-7777-45F1-BC44-BEC4B6516189}.Debug|Any CPU.Build.0 = Debug|Any CPU
		{A90F2F20-7777-45F1-BC44-BEC4B6516189}.Release|Any CPU.ActiveCfg = Release|Any CPU
		{A90F2F20-7777-45F1-BC44-BEC4B6516189}.Release|Any CPU.Build.0 = Release|Any CPU
		{47C387E4-7659-412C-9182-EF036BFBE225}.Debug|Any CPU.ActiveCfg = Debug|Any CPU
		{47C387E4-7659-412C-9182-EF036BFBE225}.Debug|Any CPU.Build.0 = Debug|Any CPU
		{47C387E4-7659-412C-9182-EF036BFBE225}.Release|Any CPU.ActiveCfg = Release|Any CPU
		{47C387E4-7659-412C-9182-EF036BFBE225}.Release|Any CPU.Build.0 = Release|Any CPU
		{875E02C6-871C-40D2-8484-BE24F0F53A59}.Debug|Any CPU.ActiveCfg = Debug|Any CPU
		{875E02C6-871C-40D2-8484-BE24F0F53A59}.Debug|Any CPU.Build.0 = Debug|Any CPU
		{875E02C6-871C-40D2-8484-BE24F0F53A59}.Release|Any CPU.ActiveCfg = Release|Any CPU
		{875E02C6-871C-40D2-8484-BE24F0F53A59}.Release|Any CPU.Build.0 = Release|Any CPU
		{E9D568A9-EA8B-4C1E-8700-1C4F1774AEEA}.Debug|Any CPU.ActiveCfg = Debug|Any CPU
		{E9D568A9-EA8B-4C1E-8700-1C4F1774AEEA}.Debug|Any CPU.Build.0 = Debug|Any CPU
		{E9D568A9-EA8B-4C1E-8700-1C4F1774AEEA}.Release|Any CPU.ActiveCfg = Release|Any CPU
		{E9D568A9-EA8B-4C1E-8700-1C4F1774AEEA}.Release|Any CPU.Build.0 = Release|Any CPU
		{75D05D17-4715-41AE-8BE8-4ED87D2D0F86}.Debug|Any CPU.ActiveCfg = Debug|Any CPU
		{75D05D17-4715-41AE-8BE8-4ED87D2D0F86}.Debug|Any CPU.Build.0 = Debug|Any CPU
		{75D05D17-4715-41AE-8BE8-4ED87D2D0F86}.Release|Any CPU.ActiveCfg = Release|Any CPU
		{75D05D17-4715-41AE-8BE8-4ED87D2D0F86}.Release|Any CPU.Build.0 = Release|Any CPU
		{EC723A29-410E-41B4-A426-22AAED3EC758}.Debug|Any CPU.ActiveCfg = Debug|Any CPU
		{EC723A29-410E-41B4-A426-22AAED3EC758}.Debug|Any CPU.Build.0 = Debug|Any CPU
		{EC723A29-410E-41B4-A426-22AAED3EC758}.Release|Any CPU.ActiveCfg = Release|Any CPU
		{EC723A29-410E-41B4-A426-22AAED3EC758}.Release|Any CPU.Build.0 = Release|Any CPU
		{E7C29219-5CD1-4E92-83E1-1226D7EFBDCA}.Debug|Any CPU.ActiveCfg = Debug|Any CPU
		{E7C29219-5CD1-4E92-83E1-1226D7EFBDCA}.Debug|Any CPU.Build.0 = Debug|Any CPU
		{E7C29219-5CD1-4E92-83E1-1226D7EFBDCA}.Release|Any CPU.ActiveCfg = Release|Any CPU
		{E7C29219-5CD1-4E92-83E1-1226D7EFBDCA}.Release|Any CPU.Build.0 = Release|Any CPU
		{ED1E0073-D2D6-4848-B152-A49BA2ADFB69}.Debug|Any CPU.ActiveCfg = Debug|Any CPU
		{ED1E0073-D2D6-4848-B152-A49BA2ADFB69}.Debug|Any CPU.Build.0 = Debug|Any CPU
		{ED1E0073-D2D6-4848-B152-A49BA2ADFB69}.Release|Any CPU.ActiveCfg = Release|Any CPU
		{ED1E0073-D2D6-4848-B152-A49BA2ADFB69}.Release|Any CPU.Build.0 = Release|Any CPU
	EndGlobalSection
	GlobalSection(SolutionProperties) = preSolution
		HideSolutionNode = FALSE
	EndGlobalSection
EndGlobal
